{
  "version": 4,
  "terraform_version": "1.15.2",
  "serial": 251,
  "lineage": "dd9246e9-f050-9b29-636d-4f47d2d970dc",
  "outputs": {
    "servers": {
      "value": {
        "client": {
          "dns_name": "client.pwei.uk",
          "private_ip": "10.0.1.14",
          "public_ip": "35.176.171.5"
        },
        "resolver": {
          "dns_name": "resolver.pwei.uk",
          "private_ip": "10.0.1.13",
          "public_ip": "13.41.72.144"
        },
        "root_server": {
          "dns_name": "rootdns.pwei.uk",
          "private_ip": "10.0.1.10",
          "public_ip": "18.133.195.93"
        },
        "sld_server": {
          "dns_name": "2lddns.pwei.uk",
          "private_ip": "10.0.1.12",
          "public_ip": "52.56.168.73"
        },
        "tld_server": {
          "dns_name": "tlddns.pwei.uk",
          "private_ip": "10.0.1.11",
          "public_ip": "3.8.182.247"
        }
      },
      "type": [
        "object",
        {
          "client": [
            "object",
            {
              "dns_name": "string",
              "private_ip": "string",
              "public_ip": "string"
            }
          ],
          "resolver": [
            "object",
            {
              "dns_name": "string",
              "private_ip": "string",
              "public_ip": "string"
            }
          ],
          "root_server": [
            "object",
            {
              "dns_name": "string",
              "private_ip": "string",
              "public_ip": "string"
            }
          ],
          "sld_server": [
            "object",
            {
              "dns_name": "string",
              "private_ip": "string",
              "public_ip": "string"
            }
          ],
          "tld_server": [
            "object",
            {
              "dns_name": "string",
              "private_ip": "string",
              "public_ip": "string"
            }
          ]
        }
      ]
    },
    "test_commands": {
      "value": "# SSH into resolver:\nssh brettcarr@13.41.72.144\n\n# From the resolver, test full recursive chain:\ndig @127.0.0.1 www.example.lab A          # full recursive lookup\ndig @10.0.1.10 lab. NS              # root -\u003e TLD delegation\ndig @10.0.1.11 example.lab. NS      # TLD -\u003e 2LD delegation\ndig @10.0.1.12 www.example.lab. A   # 2LD authoritative answer\n\n# Check user-data progress on any node:\nsudo tail -f /var/log/user-data.log\n\n# SSH into client and run the traffic generator:\nssh brettcarr@35.176.171.5\ndns-traffic-gen                            # 100 queries at 100ms intervals\ndns-traffic-gen -n 0 -i 50 -v             # infinite, 50ms interval, verbose\ndns-traffic-gen -n 1000 -i 10             # burst: 1000 queries at 10ms\n",
      "type": "string"
    }
  },
  "resources": [
    {
      "mode": "data",
      "type": "aws_caller_identity",
      "name": "current",
      "provider": "provider[\"registry.terraform.io/hashicorp/aws\"]",
      "instances": [
        {
          "schema_version": 0,
          "attributes": {
            "account_id": "485162344932",
            "arn": "arn:aws:iam::485162344932:user/brettcarr",
            "id": "485162344932",
            "user_id": "AIDAXB5PN4HSL3WLAHZA3"
          },
          "sensitive_attributes": [],
          "identity_schema_version": 0
        }
      ]
    },
    {
      "mode": "data",
      "type": "cloudflare_zone",
      "name": "dns_lab",
      "provider": "provider[\"registry.terraform.io/cloudflare/cloudflare\"]",
      "instances": [
        {
          "schema_version": 0,
          "attributes": {
            "account_id": "aae1eed75ec07d161078bac9d7375ab9",
            "id": "ca4ba94123cafc0a11eb9b4ec5c2c4b8",
            "name": "pwei.uk",
            "name_servers": [
              "elliott.ns.cloudflare.com",
              "ruth.ns.cloudflare.com"
            ],
            "paused": false,
            "plan": "Free Website",
            "status": "active",
            "vanity_name_servers": [],
            "zone_id": "ca4ba94123cafc0a11eb9b4ec5c2c4b8"
          },
          "sensitive_attributes": [],
          "identity_schema_version": 0
        }
      ]
    },
    {
      "mode": "managed",
      "type": "aws_iam_instance_profile",
      "name": "dns_lab",
      "provider": "provider[\"registry.terraform.io/hashicorp/aws\"]",
      "instances": [
        {
          "schema_version": 0,
          "attributes": {
            "arn": "arn:aws:iam::485162344932:instance-profile/dns-lab-instance-profile",
            "create_date": "2026-05-14T19:18:39Z",
            "id": "dns-lab-instance-profile",
            "name": "dns-lab-instance-profile",
            "name_prefix": "",
            "path": "/",
            "role": "dns-lab-instance-role",
            "tags": {},
            "tags_all": {},
            "unique_id": "AIPAXB5PN4HSGSDLJPE4E"
          },
          "sensitive_attributes": [],
          "identity_schema_version": 0,
          "private": "eyJzY2hlbWFfdmVyc2lvbiI6IjAifQ==",
          "dependencies": [
            "aws_iam_role.dns_lab_instance"
          ]
        }
      ]
    },
    {
      "mode": "managed",
      "type": "aws_iam_role",
      "name": "dns_lab_instance",
      "provider": "provider[\"registry.terraform.io/hashicorp/aws\"]",
      "instances": [
        {
          "schema_version": 0,
          "attributes": {
            "arn": "arn:aws:iam::485162344932:role/dns-lab-instance-role",
            "assume_role_policy": "{\"Statement\":[{\"Action\":\"sts:AssumeRole\",\"Effect\":\"Allow\",\"Principal\":{\"Service\":\"ec2.amazonaws.com\"}}],\"Version\":\"2012-10-17\"}",
            "create_date": "2026-05-14T19:18:39Z",
            "description": "",
            "force_detach_policies": false,
            "id": "dns-lab-instance-role",
            "inline_policy": [
              {
                "name": "dns-lab-instance-policy",
                "policy": "{\"Version\":\"2012-10-17\",\"Statement\":[{\"Action\":\"sns:Publish\",\"Effect\":\"Allow\",\"Resource\":\"arn:aws:sns:eu-west-2:485162344932:dns-lab-notifications\"},{\"Action\":\"s3:GetObject\",\"Effect\":\"Allow\",\"Resource\":\"arn:aws:s3:::dns-lab-scripts-485162344932/*\"}]}"
              }
            ],
            "managed_policy_arns": [],
            "max_session_duration": 3600,
            "name": "dns-lab-instance-role",
            "name_prefix": "",
            "path": "/",
            "permissions_boundary": "",
            "tags": {},
            "tags_all": {},
            "unique_id": "AROAXB5PN4HSPN5XVJWUD"
          },
          "sensitive_attributes": [],
          "identity_schema_version": 0,
          "private": "eyJzY2hlbWFfdmVyc2lvbiI6IjAifQ=="
        }
      ]
    },
    {
      "mode": "managed",
      "type": "aws_iam_role_policy",
      "name": "dns_lab_instance",
      "provider": "provider[\"registry.terraform.io/hashicorp/aws\"]",
      "instances": [
        {
          "schema_version": 0,
          "attributes": {
            "id": "dns-lab-instance-role:dns-lab-instance-policy",
            "name": "dns-lab-instance-policy",
            "name_prefix": "",
            "policy": "{\"Version\":\"2012-10-17\",\"Statement\":[{\"Action\":\"sns:Publish\",\"Effect\":\"Allow\",\"Resource\":\"arn:aws:sns:eu-west-2:485162344932:dns-lab-notifications\"},{\"Action\":\"s3:GetObject\",\"Effect\":\"Allow\",\"Resource\":\"arn:aws:s3:::dns-lab-scripts-485162344932/*\"}]}",
            "role": "dns-lab-instance-role"
          },
          "sensitive_attributes": [],
          "identity_schema_version": 0,
          "private": "eyJzY2hlbWFfdmVyc2lvbiI6IjAifQ==",
          "dependencies": [
            "aws_iam_role.dns_lab_instance",
            "aws_s3_bucket.dns_lab_scripts",
            "aws_sns_topic.dns_lab",
            "data.aws_caller_identity.current"
          ]
        }
      ]
    },
    {
      "mode": "managed",
      "type": "aws_instance",
      "name": "client",
      "provider": "provider[\"registry.terraform.io/hashicorp/aws\"]",
      "instances": [
        {
          "schema_version": 1,
          "attributes": {
            "ami": "ami-045d762c38e221a4a",
            "arn": "arn:aws:ec2:eu-west-2:485162344932:instance/i-06d27827d19c61e16",
            "associate_public_ip_address": true,
            "availability_zone": "eu-west-2b",
            "capacity_reservation_specification": [
              {
                "capacity_reservation_preference": "open",
                "capacity_reservation_target": []
              }
            ],
            "cpu_core_count": 1,
            "cpu_options": [
              {
                "amd_sev_snp": "",
                "core_count": 1,
                "threads_per_core": 2
              }
            ],
            "cpu_threads_per_core": 2,
            "credit_specification": [
              {
                "cpu_credits": "unlimited"
              }
            ],
            "disable_api_stop": false,
            "disable_api_termination": false,
            "ebs_block_device": [],
            "ebs_optimized": false,
            "enable_primary_ipv6": null,
            "enclave_options": [
              {
                "enabled": false
              }
            ],
            "ephemeral_block_device": [],
            "get_password_data": false,
            "hibernation": false,
            "host_id": "",
            "host_resource_group_arn": null,
            "iam_instance_profile": "dns-lab-instance-profile",
            "id": "i-06d27827d19c61e16",
            "instance_initiated_shutdown_behavior": "stop",
            "instance_lifecycle": "",
            "instance_market_options": [],
            "instance_state": "running",
            "instance_type": "t3.micro",
            "ipv6_address_count": 0,
            "ipv6_addresses": [],
            "key_name": "bretts-key",
            "launch_template": [],
            "maintenance_options": [
              {
                "auto_recovery": "default"
              }
            ],
            "metadata_options": [
              {
                "http_endpoint": "enabled",
                "http_protocol_ipv6": "disabled",
                "http_put_response_hop_limit": 2,
                "http_tokens": "required",
                "instance_metadata_tags": "disabled"
              }
            ],
            "monitoring": false,
            "network_interface": [],
            "outpost_arn": "",
            "password_data": "",
            "placement_group": "",
            "placement_partition_number": 0,
            "primary_network_interface_id": "eni-087b86b30e5f55139",
            "private_dns": "ip-10-0-1-14.eu-west-2.compute.internal",
            "private_dns_name_options": [
              {
                "enable_resource_name_dns_a_record": false,
                "enable_resource_name_dns_aaaa_record": false,
                "hostname_type": "ip-name"
              }
            ],
            "private_ip": "10.0.1.14",
            "public_dns": "ec2-35-176-171-5.eu-west-2.compute.amazonaws.com",
            "public_ip": "35.176.171.5",
            "root_block_device": [
              {
                "delete_on_termination": true,
                "device_name": "/dev/xvda",
                "encrypted": false,
                "iops": 100,
                "kms_key_id": "",
                "tags": {},
                "tags_all": {},
                "throughput": 0,
                "volume_id": "vol-03b665d6a1410500c",
                "volume_size": 8,
                "volume_type": "gp2"
              }
            ],
            "secondary_private_ips": [],
            "security_groups": [],
            "source_dest_check": true,
            "spot_instance_request_id": "",
            "subnet_id": "subnet-00531d8de5d4b9903",
            "tags": {
              "Name": "dns-lab-client",
              "Role": "client"
            },
            "tags_all": {
              "Name": "dns-lab-client",
              "Role": "client"
            },
            "tenancy": "default",
            "timeouts": null,
            "user_data": "f8e7f9483cc434086ed7d71515eb9283318c29a8",
            "user_data_base64": null,
            "user_data_replace_on_change": true,
            "volume_tags": null,
            "vpc_security_group_ids": [
              "sg-0eb5bf914cddbf4b7"
            ]
          },
          "sensitive_attributes": [],
          "identity_schema_version": 0,
          "private": "eyJlMmJmYjczMC1lY2FhLTExZTYtOGY4OC0zNDM2M2JjN2M0YzAiOnsiY3JlYXRlIjo2MDAwMDAwMDAwMDAsImRlbGV0ZSI6MTIwMDAwMDAwMDAwMCwicmVhZCI6OTAwMDAwMDAwMDAwLCJ1cGRhdGUiOjYwMDAwMDAwMDAwMH0sInNjaGVtYV92ZXJzaW9uIjoiMSJ9",
          "dependencies": [
            "aws_iam_instance_profile.dns_lab",
            "aws_iam_role.dns_lab_instance",
            "aws_s3_bucket.dns_lab_scripts",
            "aws_security_group.dns_lab",
            "aws_sns_topic.dns_lab",
            "aws_subnet.dns_lab",
            "aws_vpc.dns_lab",
            "data.aws_caller_identity.current"
          ]
        }
      ]
    },
    {
      "mode": "managed",
      "type": "aws_instance",
      "name": "resolver",
      "provider": "provider[\"registry.terraform.io/hashicorp/aws\"]",
      "instances": [
        {
          "schema_version": 1,
          "attributes": {
            "ami": "ami-045d762c38e221a4a",
            "arn": "arn:aws:ec2:eu-west-2:485162344932:instance/i-07c1644e3df5e9093",
            "associate_public_ip_address": true,
            "availability_zone": "eu-west-2b",
            "capacity_reservation_specification": [
              {
                "capacity_reservation_preference": "open",
                "capacity_reservation_target": []
              }
            ],
            "cpu_core_count": 1,
            "cpu_options": [
              {
                "amd_sev_snp": "",
                "core_count": 1,
                "threads_per_core": 2
              }
            ],
            "cpu_threads_per_core": 2,
            "credit_specification": [
              {
                "cpu_credits": "unlimited"
              }
            ],
            "disable_api_stop": false,
            "disable_api_termination": false,
            "ebs_block_device": [],
            "ebs_optimized": false,
            "enable_primary_ipv6": null,
            "enclave_options": [
              {
                "enabled": false
              }
            ],
            "ephemeral_block_device": [],
            "get_password_data": false,
            "hibernation": false,
            "host_id": "",
            "host_resource_group_arn": null,
            "iam_instance_profile": "dns-lab-instance-profile",
            "id": "i-07c1644e3df5e9093",
            "instance_initiated_shutdown_behavior": "stop",
            "instance_lifecycle": "",
            "instance_market_options": [],
            "instance_state": "running",
            "instance_type": "t3.micro",
            "ipv6_address_count": 0,
            "ipv6_addresses": [],
            "key_name": "bretts-key",
            "launch_template": [],
            "maintenance_options": [
              {
                "auto_recovery": "default"
              }
            ],
            "metadata_options": [
              {
                "http_endpoint": "enabled",
                "http_protocol_ipv6": "disabled",
                "http_put_response_hop_limit": 2,
                "http_tokens": "required",
                "instance_metadata_tags": "disabled"
              }
            ],
            "monitoring": false,
            "network_interface": [],
            "outpost_arn": "",
            "password_data": "",
            "placement_group": "",
            "placement_partition_number": 0,
            "primary_network_interface_id": "eni-0228005bee14b3607",
            "private_dns": "ip-10-0-1-13.eu-west-2.compute.internal",
            "private_dns_name_options": [
              {
                "enable_resource_name_dns_a_record": false,
                "enable_resource_name_dns_aaaa_record": false,
                "hostname_type": "ip-name"
              }
            ],
            "private_ip": "10.0.1.13",
            "public_dns": "ec2-13-41-72-144.eu-west-2.compute.amazonaws.com",
            "public_ip": "13.41.72.144",
            "root_block_device": [
              {
                "delete_on_termination": true,
                "device_name": "/dev/xvda",
                "encrypted": false,
                "iops": 100,
                "kms_key_id": "",
                "tags": {},
                "tags_all": {},
                "throughput": 0,
                "volume_id": "vol-0231858d3056cebe6",
                "volume_size": 8,
                "volume_type": "gp2"
              }
            ],
            "secondary_private_ips": [],
            "security_groups": [],
            "source_dest_check": true,
            "spot_instance_request_id": "",
            "subnet_id": "subnet-00531d8de5d4b9903",
            "tags": {
              "Name": "dns-lab-resolver",
              "Role": "resolver"
            },
            "tags_all": {
              "Name": "dns-lab-resolver",
              "Role": "resolver"
            },
            "tenancy": "default",
            "timeouts": null,
            "user_data": "872a1bee131334437094752396de57abc0d9cb07",
            "user_data_base64": null,
            "user_data_replace_on_change": true,
            "volume_tags": null,
            "vpc_security_group_ids": [
              "sg-0eb5bf914cddbf4b7"
            ]
          },
          "sensitive_attributes": [],
          "identity_schema_version": 0,
          "private": "eyJlMmJmYjczMC1lY2FhLTExZTYtOGY4OC0zNDM2M2JjN2M0YzAiOnsiY3JlYXRlIjo2MDAwMDAwMDAwMDAsImRlbGV0ZSI6MTIwMDAwMDAwMDAwMCwicmVhZCI6OTAwMDAwMDAwMDAwLCJ1cGRhdGUiOjYwMDAwMDAwMDAwMH0sInNjaGVtYV92ZXJzaW9uIjoiMSJ9",
          "dependencies": [
            "aws_iam_instance_profile.dns_lab",
            "aws_iam_role.dns_lab_instance",
            "aws_s3_bucket.dns_lab_scripts",
            "aws_security_group.dns_lab",
            "aws_sns_topic.dns_lab",
            "aws_subnet.dns_lab",
            "aws_vpc.dns_lab",
            "data.aws_caller_identity.current"
          ]
        }
      ]
    },
    {
      "mode": "managed",
      "type": "aws_instance",
      "name": "root_server",
      "provider": "provider[\"registry.terraform.io/hashicorp/aws\"]",
      "instances": [
        {
          "schema_version": 1,
          "attributes": {
            "ami": "ami-045d762c38e221a4a",
            "arn": "arn:aws:ec2:eu-west-2:485162344932:instance/i-0233351c41094459e",
            "associate_public_ip_address": true,
            "availability_zone": "eu-west-2b",
            "capacity_reservation_specification": [
              {
                "capacity_reservation_preference": "open",
                "capacity_reservation_target": []
              }
            ],
            "cpu_core_count": 1,
            "cpu_options": [
              {
                "amd_sev_snp": "",
                "core_count": 1,
                "threads_per_core": 2
              }
            ],
            "cpu_threads_per_core": 2,
            "credit_specification": [
              {
                "cpu_credits": "unlimited"
              }
            ],
            "disable_api_stop": false,
            "disable_api_termination": false,
            "ebs_block_device": [],
            "ebs_optimized": false,
            "enable_primary_ipv6": null,
            "enclave_options": [
              {
                "enabled": false
              }
            ],
            "ephemeral_block_device": [],
            "get_password_data": false,
            "hibernation": false,
            "host_id": "",
            "host_resource_group_arn": null,
            "iam_instance_profile": "dns-lab-instance-profile",
            "id": "i-0233351c41094459e",
            "instance_initiated_shutdown_behavior": "stop",
            "instance_lifecycle": "",
            "instance_market_options": [],
            "instance_state": "running",
            "instance_type": "t3.micro",
            "ipv6_address_count": 0,
            "ipv6_addresses": [],
            "key_name": "bretts-key",
            "launch_template": [],
            "maintenance_options": [
              {
                "auto_recovery": "default"
              }
            ],
            "metadata_options": [
              {
                "http_endpoint": "enabled",
                "http_protocol_ipv6": "disabled",
                "http_put_response_hop_limit": 2,
                "http_tokens": "required",
                "instance_metadata_tags": "disabled"
              }
            ],
            "monitoring": false,
            "network_interface": [],
            "outpost_arn": "",
            "password_data": "",
            "placement_group": "",
            "placement_partition_number": 0,
            "primary_network_interface_id": "eni-0ce089e261cd86d33",
            "private_dns": "ip-10-0-1-10.eu-west-2.compute.internal",
            "private_dns_name_options": [
              {
                "enable_resource_name_dns_a_record": false,
                "enable_resource_name_dns_aaaa_record": false,
                "hostname_type": "ip-name"
              }
            ],
            "private_ip": "10.0.1.10",
            "public_dns": "ec2-18-133-195-93.eu-west-2.compute.amazonaws.com",
            "public_ip": "18.133.195.93",
            "root_block_device": [
              {
                "delete_on_termination": true,
                "device_name": "/dev/xvda",
                "encrypted": false,
                "iops": 100,
                "kms_key_id": "",
                "tags": {},
                "tags_all": {},
                "throughput": 0,
                "volume_id": "vol-0ef2615a36f91eb6c",
                "volume_size": 8,
                "volume_type": "gp2"
              }
            ],
            "secondary_private_ips": [],
            "security_groups": [],
            "source_dest_check": true,
            "spot_instance_request_id": "",
            "subnet_id": "subnet-00531d8de5d4b9903",
            "tags": {
              "Name": "dns-lab-root",
              "Role": "root-nameserver"
            },
            "tags_all": {
              "Name": "dns-lab-root",
              "Role": "root-nameserver"
            },
            "tenancy": "default",
            "timeouts": null,
            "user_data": "410d3ff2414bd6f356a90c5e22bea0dff915d478",
            "user_data_base64": null,
            "user_data_replace_on_change": true,
            "volume_tags": null,
            "vpc_security_group_ids": [
              "sg-0eb5bf914cddbf4b7"
            ]
          },
          "sensitive_attributes": [],
          "identity_schema_version": 0,
          "private": "eyJlMmJmYjczMC1lY2FhLTExZTYtOGY4OC0zNDM2M2JjN2M0YzAiOnsiY3JlYXRlIjo2MDAwMDAwMDAwMDAsImRlbGV0ZSI6MTIwMDAwMDAwMDAwMCwicmVhZCI6OTAwMDAwMDAwMDAwLCJ1cGRhdGUiOjYwMDAwMDAwMDAwMH0sInNjaGVtYV92ZXJzaW9uIjoiMSJ9",
          "dependencies": [
            "aws_iam_instance_profile.dns_lab",
            "aws_iam_role.dns_lab_instance",
            "aws_s3_bucket.dns_lab_scripts",
            "aws_security_group.dns_lab",
            "aws_sns_topic.dns_lab",
            "aws_subnet.dns_lab",
            "aws_vpc.dns_lab",
            "data.aws_caller_identity.current"
          ]
        }
      ]
    },
    {
      "mode": "managed",
      "type": "aws_instance",
      "name": "sld_server",
      "provider": "provider[\"registry.terraform.io/hashicorp/aws\"]",
      "instances": [
        {
          "schema_version": 1,
          "attributes": {
            "ami": "ami-045d762c38e221a4a",
            "arn": "arn:aws:ec2:eu-west-2:485162344932:instance/i-0054aad5fc7b77fc4",
            "associate_public_ip_address": true,
            "availability_zone": "eu-west-2b",
            "capacity_reservation_specification": [
              {
                "capacity_reservation_preference": "open",
                "capacity_reservation_target": []
              }
            ],
            "cpu_core_count": 1,
            "cpu_options": [
              {
                "amd_sev_snp": "",
                "core_count": 1,
                "threads_per_core": 2
              }
            ],
            "cpu_threads_per_core": 2,
            "credit_specification": [
              {
                "cpu_credits": "unlimited"
              }
            ],
            "disable_api_stop": false,
            "disable_api_termination": false,
            "ebs_block_device": [],
            "ebs_optimized": false,
            "enable_primary_ipv6": null,
            "enclave_options": [
              {
                "enabled": false
              }
            ],
            "ephemeral_block_device": [],
            "get_password_data": false,
            "hibernation": false,
            "host_id": "",
            "host_resource_group_arn": null,
            "iam_instance_profile": "dns-lab-instance-profile",
            "id": "i-0054aad5fc7b77fc4",
            "instance_initiated_shutdown_behavior": "stop",
            "instance_lifecycle": "",
            "instance_market_options": [],
            "instance_state": "running",
            "instance_type": "t3.micro",
            "ipv6_address_count": 0,
            "ipv6_addresses": [],
            "key_name": "bretts-key",
            "launch_template": [],
            "maintenance_options": [
              {
                "auto_recovery": "default"
              }
            ],
            "metadata_options": [
              {
                "http_endpoint": "enabled",
                "http_protocol_ipv6": "disabled",
                "http_put_response_hop_limit": 2,
                "http_tokens": "required",
                "instance_metadata_tags": "disabled"
              }
            ],
            "monitoring": false,
            "network_interface": [],
            "outpost_arn": "",
            "password_data": "",
            "placement_group": "",
            "placement_partition_number": 0,
            "primary_network_interface_id": "eni-0eed377ccefa17ad8",
            "private_dns": "ip-10-0-1-12.eu-west-2.compute.internal",
            "private_dns_name_options": [
              {
                "enable_resource_name_dns_a_record": false,
                "enable_resource_name_dns_aaaa_record": false,
                "hostname_type": "ip-name"
              }
            ],
            "private_ip": "10.0.1.12",
            "public_dns": "ec2-52-56-168-73.eu-west-2.compute.amazonaws.com",
            "public_ip": "52.56.168.73",
            "root_block_device": [
              {
                "delete_on_termination": true,
                "device_name": "/dev/xvda",
                "encrypted": false,
                "iops": 100,
                "kms_key_id": "",
                "tags": {},
                "tags_all": {},
                "throughput": 0,
                "volume_id": "vol-064486664cff096ae",
                "volume_size": 8,
                "volume_type": "gp2"
              }
            ],
            "secondary_private_ips": [],
            "security_groups": [],
            "source_dest_check": true,
            "spot_instance_request_id": "",
            "subnet_id": "subnet-00531d8de5d4b9903",
            "tags": {
              "Name": "dns-lab-sld",
              "Role": "2ld-nameserver"
            },
            "tags_all": {
              "Name": "dns-lab-sld",
              "Role": "2ld-nameserver"
            },
            "tenancy": "default",
            "timeouts": null,
            "user_data": "4e3a6ead82d7cc67e5c13e7defb0be199b142492",
            "user_data_base64": null,
            "user_data_replace_on_change": true,
            "volume_tags": null,
            "vpc_security_group_ids": [
              "sg-0eb5bf914cddbf4b7"
            ]
          },
          "sensitive_attributes": [],
          "identity_schema_version": 0,
          "private": "eyJlMmJmYjczMC1lY2FhLTExZTYtOGY4OC0zNDM2M2JjN2M0YzAiOnsiY3JlYXRlIjo2MDAwMDAwMDAwMDAsImRlbGV0ZSI6MTIwMDAwMDAwMDAwMCwicmVhZCI6OTAwMDAwMDAwMDAwLCJ1cGRhdGUiOjYwMDAwMDAwMDAwMH0sInNjaGVtYV92ZXJzaW9uIjoiMSJ9",
          "dependencies": [
            "aws_iam_instance_profile.dns_lab",
            "aws_iam_role.dns_lab_instance",
            "aws_s3_bucket.dns_lab_scripts",
            "aws_security_group.dns_lab",
            "aws_sns_topic.dns_lab",
            "aws_subnet.dns_lab",
            "aws_vpc.dns_lab",
            "data.aws_caller_identity.current"
          ]
        }
      ]
    },
    {
      "mode": "managed",
      "type": "aws_instance",
      "name": "tld_server",
      "provider": "provider[\"registry.terraform.io/hashicorp/aws\"]",
      "instances": [
        {
          "schema_version": 1,
          "attributes": {
            "ami": "ami-045d762c38e221a4a",
            "arn": "arn:aws:ec2:eu-west-2:485162344932:instance/i-04523023abf5a022d",
            "associate_public_ip_address": true,
            "availability_zone": "eu-west-2b",
            "capacity_reservation_specification": [
              {
                "capacity_reservation_preference": "open",
                "capacity_reservation_target": []
              }
            ],
            "cpu_core_count": 1,
            "cpu_options": [
              {
                "amd_sev_snp": "",
                "core_count": 1,
                "threads_per_core": 2
              }
            ],
            "cpu_threads_per_core": 2,
            "credit_specification": [
              {
                "cpu_credits": "unlimited"
              }
            ],
            "disable_api_stop": false,
            "disable_api_termination": false,
            "ebs_block_device": [],
            "ebs_optimized": false,
            "enable_primary_ipv6": null,
            "enclave_options": [
              {
                "enabled": false
              }
            ],
            "ephemeral_block_device": [],
            "get_password_data": false,
            "hibernation": false,
            "host_id": "",
            "host_resource_group_arn": null,
            "iam_instance_profile": "dns-lab-instance-profile",
            "id": "i-04523023abf5a022d",
            "instance_initiated_shutdown_behavior": "stop",
            "instance_lifecycle": "",
            "instance_market_options": [],
            "instance_state": "running",
            "instance_type": "t3.micro",
            "ipv6_address_count": 0,
            "ipv6_addresses": [],
            "key_name": "bretts-key",
            "launch_template": [],
            "maintenance_options": [
              {
                "auto_recovery": "default"
              }
            ],
            "metadata_options": [
              {
                "http_endpoint": "enabled",
                "http_protocol_ipv6": "disabled",
                "http_put_response_hop_limit": 2,
                "http_tokens": "required",
                "instance_metadata_tags": "disabled"
              }
            ],
            "monitoring": false,
            "network_interface": [],
            "outpost_arn": "",
            "password_data": "",
            "placement_group": "",
            "placement_partition_number": 0,
            "primary_network_interface_id": "eni-0115b861975afad5b",
            "private_dns": "ip-10-0-1-11.eu-west-2.compute.internal",
            "private_dns_name_options": [
              {
                "enable_resource_name_dns_a_record": false,
                "enable_resource_name_dns_aaaa_record": false,
                "hostname_type": "ip-name"
              }
            ],
            "private_ip": "10.0.1.11",
            "public_dns": "ec2-3-8-182-247.eu-west-2.compute.amazonaws.com",
            "public_ip": "3.8.182.247",
            "root_block_device": [
              {
                "delete_on_termination": true,
                "device_name": "/dev/xvda",
                "encrypted": false,
                "iops": 100,
                "kms_key_id": "",
                "tags": {},
                "tags_all": {},
                "throughput": 0,
                "volume_id": "vol-0655ec0c0f1c32bca",
                "volume_size": 8,
                "volume_type": "gp2"
              }
            ],
            "secondary_private_ips": [],
            "security_groups": [],
            "source_dest_check": true,
            "spot_instance_request_id": "",
            "subnet_id": "subnet-00531d8de5d4b9903",
            "tags": {
              "Name": "dns-lab-tld",
              "Role": "tld-nameserver"
            },
            "tags_all": {
              "Name": "dns-lab-tld",
              "Role": "tld-nameserver"
            },
            "tenancy": "default",
            "timeouts": null,
            "user_data": "3ed05ccd624d6d3c9d0e16235b2932ea94948bc2",
            "user_data_base64": null,
            "user_data_replace_on_change": true,
            "volume_tags": null,
            "vpc_security_group_ids": [
              "sg-0eb5bf914cddbf4b7"
            ]
          },
          "sensitive_attributes": [],
          "identity_schema_version": 0,
          "private": "eyJlMmJmYjczMC1lY2FhLTExZTYtOGY4OC0zNDM2M2JjN2M0YzAiOnsiY3JlYXRlIjo2MDAwMDAwMDAwMDAsImRlbGV0ZSI6MTIwMDAwMDAwMDAwMCwicmVhZCI6OTAwMDAwMDAwMDAwLCJ1cGRhdGUiOjYwMDAwMDAwMDAwMH0sInNjaGVtYV92ZXJzaW9uIjoiMSJ9",
          "dependencies": [
            "aws_iam_instance_profile.dns_lab",
            "aws_iam_role.dns_lab_instance",
            "aws_s3_bucket.dns_lab_scripts",
            "aws_security_group.dns_lab",
            "aws_sns_topic.dns_lab",
            "aws_subnet.dns_lab",
            "aws_vpc.dns_lab",
            "data.aws_caller_identity.current"
          ]
        }
      ]
    },
    {
      "mode": "managed",
      "type": "aws_internet_gateway",
      "name": "dns_lab",
      "provider": "provider[\"registry.terraform.io/hashicorp/aws\"]",
      "instances": [
        {
          "schema_version": 0,
          "attributes": {
            "arn": "arn:aws:ec2:eu-west-2:485162344932:internet-gateway/igw-08b425d258a6ed75a",
            "id": "igw-08b425d258a6ed75a",
            "owner_id": "485162344932",
            "tags": {
              "Name": "dns-lab-igw"
            },
            "tags_all": {
              "Name": "dns-lab-igw"
            },
            "timeouts": null,
            "vpc_id": "vpc-0c53aadbb8abd3323"
          },
          "sensitive_attributes": [],
          "identity_schema_version": 0,
          "private": "eyJlMmJmYjczMC1lY2FhLTExZTYtOGY4OC0zNDM2M2JjN2M0YzAiOnsiY3JlYXRlIjoxMjAwMDAwMDAwMDAwLCJkZWxldGUiOjEyMDAwMDAwMDAwMDAsInVwZGF0ZSI6MTIwMDAwMDAwMDAwMH19",
          "dependencies": [
            "aws_vpc.dns_lab"
          ]
        }
      ]
    },
    {
      "mode": "managed",
      "type": "aws_route_table",
      "name": "dns_lab",
      "provider": "provider[\"registry.terraform.io/hashicorp/aws\"]",
      "instances": [
        {
          "schema_version": 0,
          "attributes": {
            "arn": "arn:aws:ec2:eu-west-2:485162344932:route-table/rtb-0e9a34eedf9001ae5",
            "id": "rtb-0e9a34eedf9001ae5",
            "owner_id": "485162344932",
            "propagating_vgws": [],
            "route": [
              {
                "carrier_gateway_id": "",
                "cidr_block": "0.0.0.0/0",
                "core_network_arn": "",
                "destination_prefix_list_id": "",
                "egress_only_gateway_id": "",
                "gateway_id": "igw-08b425d258a6ed75a",
                "ipv6_cidr_block": "",
                "local_gateway_id": "",
                "nat_gateway_id": "",
                "network_interface_id": "",
                "transit_gateway_id": "",
                "vpc_endpoint_id": "",
                "vpc_peering_connection_id": ""
              }
            ],
            "tags": {
              "Name": "dns-lab-rt"
            },
            "tags_all": {
              "Name": "dns-lab-rt"
            },
            "timeouts": null,
            "vpc_id": "vpc-0c53aadbb8abd3323"
          },
          "sensitive_attributes": [],
          "identity_schema_version": 0,
          "private": "eyJlMmJmYjczMC1lY2FhLTExZTYtOGY4OC0zNDM2M2JjN2M0YzAiOnsiY3JlYXRlIjozMDAwMDAwMDAwMDAsImRlbGV0ZSI6MzAwMDAwMDAwMDAwLCJ1cGRhdGUiOjEyMDAwMDAwMDAwMH19",
          "dependencies": [
            "aws_internet_gateway.dns_lab",
            "aws_vpc.dns_lab"
          ]
        }
      ]
    },
    {
      "mode": "managed",
      "type": "aws_route_table_association",
      "name": "dns_lab",
      "provider": "provider[\"registry.terraform.io/hashicorp/aws\"]",
      "instances": [
        {
          "schema_version": 0,
          "attributes": {
            "gateway_id": "",
            "id": "rtbassoc-0459ac0d3b9cff638",
            "route_table_id": "rtb-0e9a34eedf9001ae5",
            "subnet_id": "subnet-00531d8de5d4b9903",
            "timeouts": null
          },
          "sensitive_attributes": [],
          "identity_schema_version": 0,
          "private": "eyJlMmJmYjczMC1lY2FhLTExZTYtOGY4OC0zNDM2M2JjN2M0YzAiOnsiY3JlYXRlIjozMDAwMDAwMDAwMDAsImRlbGV0ZSI6MzAwMDAwMDAwMDAwLCJ1cGRhdGUiOjEyMDAwMDAwMDAwMH19",
          "dependencies": [
            "aws_internet_gateway.dns_lab",
            "aws_route_table.dns_lab",
            "aws_subnet.dns_lab",
            "aws_vpc.dns_lab"
          ]
        }
      ]
    },
    {
      "mode": "managed",
      "type": "aws_s3_bucket",
      "name": "dns_lab_scripts",
      "provider": "provider[\"registry.terraform.io/hashicorp/aws\"]",
      "instances": [
        {
          "schema_version": 0,
          "attributes": {
            "acceleration_status": "",
            "acl": null,
            "arn": "arn:aws:s3:::dns-lab-scripts-485162344932",
            "bucket": "dns-lab-scripts-485162344932",
            "bucket_domain_name": "dns-lab-scripts-485162344932.s3.amazonaws.com",
            "bucket_prefix": "",
            "bucket_regional_domain_name": "dns-lab-scripts-485162344932.s3.eu-west-2.amazonaws.com",
            "cors_rule": [],
            "force_destroy": true,
            "grant": [
              {
                "id": "a478d55c7e7076949fea8c07ef8b86c2465f45ae4fae3dc6aaf1880f2b4263c8",
                "permissions": [
                  "FULL_CONTROL"
                ],
                "type": "CanonicalUser",
                "uri": ""
              }
            ],
            "hosted_zone_id": "Z3GKZC51ZF0DB4",
            "id": "dns-lab-scripts-485162344932",
            "lifecycle_rule": [],
            "logging": [],
            "object_lock_configuration": [],
            "object_lock_enabled": false,
            "policy": "",
            "region": "eu-west-2",
            "replication_configuration": [],
            "request_payer": "BucketOwner",
            "server_side_encryption_configuration": [
              {
                "rule": [
                  {
                    "apply_server_side_encryption_by_default": [
                      {
                        "kms_master_key_id": "",
                        "sse_algorithm": "AES256"
                      }
                    ],
                    "bucket_key_enabled": false
                  }
                ]
              }
            ],
            "tags": {
              "Name": "dns-lab-scripts"
            },
            "tags_all": {
              "Name": "dns-lab-scripts"
            },
            "timeouts": null,
            "versioning": [
              {
                "enabled": false,
                "mfa_delete": false
              }
            ],
            "website": [],
            "website_domain": null,
            "website_endpoint": null
          },
          "sensitive_attributes": [],
          "identity_schema_version": 0,
          "private": "eyJlMmJmYjczMC1lY2FhLTExZTYtOGY4OC0zNDM2M2JjN2M0YzAiOnsiY3JlYXRlIjoxMjAwMDAwMDAwMDAwLCJkZWxldGUiOjM2MDAwMDAwMDAwMDAsInJlYWQiOjEyMDAwMDAwMDAwMDAsInVwZGF0ZSI6MTIwMDAwMDAwMDAwMH19",
          "dependencies": [
            "data.aws_caller_identity.current"
          ]
        }
      ]
    },
    {
      "mode": "managed",
      "type": "aws_s3_bucket_public_access_block",
      "name": "dns_lab_scripts",
      "provider": "provider[\"registry.terraform.io/hashicorp/aws\"]",
      "instances": [
        {
          "schema_version": 0,
          "attributes": {
            "block_public_acls": true,
            "block_public_policy": true,
            "bucket": "dns-lab-scripts-485162344932",
            "id": "dns-lab-scripts-485162344932",
            "ignore_public_acls": true,
            "restrict_public_buckets": true
          },
          "sensitive_attributes": [],
          "identity_schema_version": 0,
          "private": "eyJzY2hlbWFfdmVyc2lvbiI6IjAifQ==",
          "dependencies": [
            "aws_s3_bucket.dns_lab_scripts",
            "data.aws_caller_identity.current"
          ]
        }
      ]
    },
    {
      "mode": "managed",
      "type": "aws_s3_object",
      "name": "chronicled_install",
      "provider": "provider[\"registry.terraform.io/hashicorp/aws\"]",
      "instances": [
        {
          "schema_version": 0,
          "attributes": {
            "acl": null,
            "arn": "arn:aws:s3:::dns-lab-scripts-485162344932/chronicled-install.sh",
            "bucket": "dns-lab-scripts-485162344932",
            "bucket_key_enabled": false,
            "cache_control": "",
            "checksum_algorithm": null,
            "checksum_crc32": "",
            "checksum_crc32c": "",
            "checksum_crc64nvme": "",
            "checksum_sha1": "",
            "checksum_sha256": "",
            "content": null,
            "content_base64": null,
            "content_disposition": "",
            "content_encoding": "",
            "content_language": "",
            "content_type": "application/octet-stream",
            "etag": "84e2585d097fb392433ae6c9a292ae36",
            "force_destroy": false,
            "id": "chronicled-install.sh",
            "key": "chronicled-install.sh",
            "kms_key_id": null,
            "metadata": {},
            "object_lock_legal_hold_status": "",
            "object_lock_mode": "",
            "object_lock_retain_until_date": "",
            "override_provider": [],
            "server_side_encryption": "AES256",
            "source": "./chronicled-install.sh",
            "source_hash": null,
            "storage_class": "STANDARD",
            "tags": {},
            "tags_all": {},
            "version_id": "",
            "website_redirect": ""
          },
          "sensitive_attributes": [],
          "identity_schema_version": 0,
          "private": "bnVsbA==",
          "dependencies": [
            "aws_s3_bucket.dns_lab_scripts",
            "data.aws_caller_identity.current"
          ]
        }
      ]
    },
    {
      "mode": "managed",
      "type": "aws_security_group",
      "name": "dns_lab",
      "provider": "provider[\"registry.terraform.io/hashicorp/aws\"]",
      "instances": [
        {
          "schema_version": 1,
          "attributes": {
            "arn": "arn:aws:ec2:eu-west-2:485162344932:security-group/sg-0eb5bf914cddbf4b7",
            "description": "DNS lab - SSH from allowed CIDR, DNS within VPC, full egress",
            "egress": [
              {
                "cidr_blocks": [
                  "0.0.0.0/0"
                ],
                "description": "All egress (yum updates, etc.)",
                "from_port": 0,
                "ipv6_cidr_blocks": [],
                "prefix_list_ids": [],
                "protocol": "-1",
                "security_groups": [],
                "self": false,
                "to_port": 0
              }
            ],
            "id": "sg-0eb5bf914cddbf4b7",
            "ingress": [
              {
                "cidr_blocks": [
                  "0.0.0.0/0"
                ],
                "description": "SSH",
                "from_port": 22,
                "ipv6_cidr_blocks": [],
                "prefix_list_ids": [],
                "protocol": "tcp",
                "security_groups": [],
                "self": false,
                "to_port": 22
              },
              {
                "cidr_blocks": [
                  "10.0.0.0/16"
                ],
                "description": "DNS TCP (intra-VPC)",
                "from_port": 53,
                "ipv6_cidr_blocks": [],
                "prefix_list_ids": [],
                "protocol": "tcp",
                "security_groups": [],
                "self": false,
                "to_port": 53
              },
              {
                "cidr_blocks": [
                  "10.0.0.0/16"
                ],
                "description": "DNS UDP (intra-VPC)",
                "from_port": 53,
                "ipv6_cidr_blocks": [],
                "prefix_list_ids": [],
                "protocol": "udp",
                "security_groups": [],
                "self": false,
                "to_port": 53
              }
            ],
            "name": "dns-lab-sg",
            "name_prefix": "",
            "owner_id": "485162344932",
            "revoke_rules_on_delete": false,
            "tags": {
              "Name": "dns-lab-sg"
            },
            "tags_all": {
              "Name": "dns-lab-sg"
            },
            "timeouts": null,
            "vpc_id": "vpc-0c53aadbb8abd3323"
          },
          "sensitive_attributes": [],
          "identity_schema_version": 0,
          "private": "eyJlMmJmYjczMC1lY2FhLTExZTYtOGY4OC0zNDM2M2JjN2M0YzAiOnsiY3JlYXRlIjo2MDAwMDAwMDAwMDAsImRlbGV0ZSI6OTAwMDAwMDAwMDAwfSwic2NoZW1hX3ZlcnNpb24iOiIxIn0=",
          "dependencies": [
            "aws_vpc.dns_lab"
          ]
        }
      ]
    },
    {
      "mode": "managed",
      "type": "aws_sns_topic",
      "name": "dns_lab",
      "provider": "provider[\"registry.terraform.io/hashicorp/aws\"]",
      "instances": [
        {
          "schema_version": 0,
          "attributes": {
            "application_failure_feedback_role_arn": "",
            "application_success_feedback_role_arn": "",
            "application_success_feedback_sample_rate": 0,
            "archive_policy": "",
            "arn": "arn:aws:sns:eu-west-2:485162344932:dns-lab-notifications",
            "beginning_archive_time": "",
            "content_based_deduplication": false,
            "delivery_policy": "",
            "display_name": "",
            "fifo_throughput_scope": "",
            "fifo_topic": false,
            "firehose_failure_feedback_role_arn": "",
            "firehose_success_feedback_role_arn": "",
            "firehose_success_feedback_sample_rate": 0,
            "http_failure_feedback_role_arn": "",
            "http_success_feedback_role_arn": "",
            "http_success_feedback_sample_rate": 0,
            "id": "arn:aws:sns:eu-west-2:485162344932:dns-lab-notifications",
            "kms_master_key_id": "",
            "lambda_failure_feedback_role_arn": "",
            "lambda_success_feedback_role_arn": "",
            "lambda_success_feedback_sample_rate": 0,
            "name": "dns-lab-notifications",
            "name_prefix": "",
            "owner": "485162344932",
            "policy": "{\"Id\":\"__default_policy_ID\",\"Statement\":[{\"Action\":[\"SNS:GetTopicAttributes\",\"SNS:SetTopicAttributes\",\"SNS:AddPermission\",\"SNS:RemovePermission\",\"SNS:DeleteTopic\",\"SNS:Subscribe\",\"SNS:ListSubscriptionsByTopic\",\"SNS:Publish\"],\"Condition\":{\"StringEquals\":{\"AWS:SourceOwner\":\"485162344932\"}},\"Effect\":\"Allow\",\"Principal\":{\"AWS\":\"*\"},\"Resource\":\"arn:aws:sns:eu-west-2:485162344932:dns-lab-notifications\",\"Sid\":\"__default_statement_ID\"}],\"Version\":\"2008-10-17\"}",
            "signature_version": 0,
            "sqs_failure_feedback_role_arn": "",
            "sqs_success_feedback_role_arn": "",
            "sqs_success_feedback_sample_rate": 0,
            "tags": {},
            "tags_all": {},
            "tracing_config": ""
          },
          "sensitive_attributes": [],
          "identity_schema_version": 0,
          "private": "bnVsbA=="
        }
      ]
    },
    {
      "mode": "managed",
      "type": "aws_sns_topic_subscription",
      "name": "email",
      "provider": "provider[\"registry.terraform.io/hashicorp/aws\"]",
      "instances": [
        {
          "schema_version": 0,
          "attributes": {
            "arn": "arn:aws:sns:eu-west-2:485162344932:dns-lab-notifications:5115a4a4-3fdf-4f3a-802e-41d4f2f7bd6d",
            "confirmation_timeout_in_minutes": 1,
            "confirmation_was_authenticated": false,
            "delivery_policy": "",
            "endpoint": "brett@pwei.uk",
            "endpoint_auto_confirms": false,
            "filter_policy": "",
            "filter_policy_scope": "",
            "id": "arn:aws:sns:eu-west-2:485162344932:dns-lab-notifications:5115a4a4-3fdf-4f3a-802e-41d4f2f7bd6d",
            "owner_id": "485162344932",
            "pending_confirmation": true,
            "protocol": "email",
            "raw_message_delivery": false,
            "redrive_policy": "",
            "replay_policy": "",
            "subscription_role_arn": "",
            "topic_arn": "arn:aws:sns:eu-west-2:485162344932:dns-lab-notifications"
          },
          "sensitive_attributes": [],
          "identity_schema_version": 0,
          "private": "bnVsbA==",
          "dependencies": [
            "aws_sns_topic.dns_lab"
          ]
        }
      ]
    },
    {
      "mode": "managed",
      "type": "aws_subnet",
      "name": "dns_lab",
      "provider": "provider[\"registry.terraform.io/hashicorp/aws\"]",
      "instances": [
        {
          "schema_version": 1,
          "attributes": {
            "arn": "arn:aws:ec2:eu-west-2:485162344932:subnet/subnet-00531d8de5d4b9903",
            "assign_ipv6_address_on_creation": false,
            "availability_zone": "eu-west-2b",
            "availability_zone_id": "euw2-az3",
            "cidr_block": "10.0.1.0/24",
            "customer_owned_ipv4_pool": "",
            "enable_dns64": false,
            "enable_lni_at_device_index": 0,
            "enable_resource_name_dns_a_record_on_launch": false,
            "enable_resource_name_dns_aaaa_record_on_launch": false,
            "id": "subnet-00531d8de5d4b9903",
            "ipv6_cidr_block": "",
            "ipv6_cidr_block_association_id": "",
            "ipv6_native": false,
            "map_customer_owned_ip_on_launch": false,
            "map_public_ip_on_launch": true,
            "outpost_arn": "",
            "owner_id": "485162344932",
            "private_dns_hostname_type_on_launch": "ip-name",
            "tags": {
              "Name": "dns-lab-subnet"
            },
            "tags_all": {
              "Name": "dns-lab-subnet"
            },
            "timeouts": null,
            "vpc_id": "vpc-0c53aadbb8abd3323"
          },
          "sensitive_attributes": [],
          "identity_schema_version": 0,
          "private": "eyJlMmJmYjczMC1lY2FhLTExZTYtOGY4OC0zNDM2M2JjN2M0YzAiOnsiY3JlYXRlIjo2MDAwMDAwMDAwMDAsImRlbGV0ZSI6MTIwMDAwMDAwMDAwMH0sInNjaGVtYV92ZXJzaW9uIjoiMSJ9",
          "dependencies": [
            "aws_vpc.dns_lab"
          ]
        }
      ]
    },
    {
      "mode": "managed",
      "type": "aws_vpc",
      "name": "dns_lab",
      "provider": "provider[\"registry.terraform.io/hashicorp/aws\"]",
      "instances": [
        {
          "schema_version": 1,
          "attributes": {
            "arn": "arn:aws:ec2:eu-west-2:485162344932:vpc/vpc-0c53aadbb8abd3323",
            "assign_generated_ipv6_cidr_block": false,
            "cidr_block": "10.0.0.0/16",
            "default_network_acl_id": "acl-099eb456a0e29dc34",
            "default_route_table_id": "rtb-0c1f37e6db7dc704b",
            "default_security_group_id": "sg-0d7d23caee6951623",
            "dhcp_options_id": "dopt-0400541124dc3119f",
            "enable_dns_hostnames": true,
            "enable_dns_support": true,
            "enable_network_address_usage_metrics": false,
            "id": "vpc-0c53aadbb8abd3323",
            "instance_tenancy": "default",
            "ipv4_ipam_pool_id": null,
            "ipv4_netmask_length": null,
            "ipv6_association_id": "",
            "ipv6_cidr_block": "",
            "ipv6_cidr_block_network_border_group": "",
            "ipv6_ipam_pool_id": "",
            "ipv6_netmask_length": 0,
            "main_route_table_id": "rtb-0c1f37e6db7dc704b",
            "owner_id": "485162344932",
            "tags": {
              "Name": "dns-lab-vpc"
            },
            "tags_all": {
              "Name": "dns-lab-vpc"
            }
          },
          "sensitive_attributes": [],
          "identity_schema_version": 0,
          "private": "eyJzY2hlbWFfdmVyc2lvbiI6IjEifQ=="
        }
      ]
    },
    {
      "mode": "managed",
      "type": "cloudflare_record",
      "name": "dns_lab",
      "provider": "provider[\"registry.terraform.io/cloudflare/cloudflare\"]",
      "instances": [
        {
          "index_key": "2lddns",
          "schema_version": 3,
          "attributes": {
            "allow_overwrite": false,
            "comment": "",
            "content": "52.56.168.73",
            "created_on": "2026-05-15T11:49:02.759298Z",
            "data": [],
            "hostname": "2lddns.pwei.uk",
            "id": "f9309913a4c0dadaea92f3b2c234aef9",
            "metadata": {},
            "modified_on": "2026-05-15T19:42:11.347047Z",
            "name": "2lddns",
            "priority": null,
            "proxiable": true,
            "proxied": false,
            "tags": [],
            "timeouts": null,
            "ttl": 60,
            "type": "A",
            "value": null,
            "zone_id": "ca4ba94123cafc0a11eb9b4ec5c2c4b8"
          },
          "sensitive_attributes": [],
          "identity_schema_version": 0,
          "private": "eyJlMmJmYjczMC1lY2FhLTExZTYtOGY4OC0zNDM2M2JjN2M0YzAiOnsiY3JlYXRlIjozMDAwMDAwMDAwMCwidXBkYXRlIjozMDAwMDAwMDAwMH0sInNjaGVtYV92ZXJzaW9uIjoiMyJ9",
          "dependencies": [
            "aws_iam_instance_profile.dns_lab",
            "aws_iam_role.dns_lab_instance",
            "aws_instance.client",
            "aws_instance.resolver",
            "aws_instance.root_server",
            "aws_instance.sld_server",
            "aws_instance.tld_server",
            "aws_s3_bucket.dns_lab_scripts",
            "aws_security_group.dns_lab",
            "aws_sns_topic.dns_lab",
            "aws_subnet.dns_lab",
            "aws_vpc.dns_lab",
            "data.aws_caller_identity.current"
          ]
        },
        {
          "index_key": "client",
          "schema_version": 3,
          "attributes": {
            "allow_overwrite": false,
            "comment": "",
            "content": "35.176.171.5",
            "created_on": "2026-05-16T14:06:50.98174Z",
            "data": [],
            "hostname": "client.pwei.uk",
            "id": "4fd889ac4b928d1044e334cd18b6d8f8",
            "metadata": {},
            "modified_on": "2026-05-16T14:06:50.98174Z",
            "name": "client",
            "priority": null,
            "proxiable": true,
            "proxied": false,
            "tags": null,
            "timeouts": null,
            "ttl": 60,
            "type": "A",
            "value": null,
            "zone_id": "ca4ba94123cafc0a11eb9b4ec5c2c4b8"
          },
          "sensitive_attributes": [],
          "identity_schema_version": 0,
          "private": "eyJlMmJmYjczMC1lY2FhLTExZTYtOGY4OC0zNDM2M2JjN2M0YzAiOnsiY3JlYXRlIjozMDAwMDAwMDAwMCwidXBkYXRlIjozMDAwMDAwMDAwMH0sInNjaGVtYV92ZXJzaW9uIjoiMyJ9",
          "dependencies": [
            "aws_iam_instance_profile.dns_lab",
            "aws_iam_role.dns_lab_instance",
            "aws_instance.client",
            "aws_instance.resolver",
            "aws_instance.root_server",
            "aws_instance.sld_server",
            "aws_instance.tld_server",
            "aws_s3_bucket.dns_lab_scripts",
            "aws_security_group.dns_lab",
            "aws_sns_topic.dns_lab",
            "aws_subnet.dns_lab",
            "aws_vpc.dns_lab",
            "data.aws_caller_identity.current"
          ]
        },
        {
          "index_key": "resolver",
          "schema_version": 3,
          "attributes": {
            "allow_overwrite": false,
            "comment": "",
            "content": "13.41.72.144",
            "created_on": "2026-05-15T11:49:02.606086Z",
            "data": [],
            "hostname": "resolver.pwei.uk",
            "id": "119d5b20f526c46bcd295f40b5f6a8fe",
            "metadata": {},
            "modified_on": "2026-05-15T19:42:11.38251Z",
            "name": "resolver",
            "priority": null,
            "proxiable": true,
            "proxied": false,
            "tags": [],
            "timeouts": null,
            "ttl": 60,
            "type": "A",
            "value": null,
            "zone_id": "ca4ba94123cafc0a11eb9b4ec5c2c4b8"
          },
          "sensitive_attributes": [],
          "identity_schema_version": 0,
          "private": "eyJlMmJmYjczMC1lY2FhLTExZTYtOGY4OC0zNDM2M2JjN2M0YzAiOnsiY3JlYXRlIjozMDAwMDAwMDAwMCwidXBkYXRlIjozMDAwMDAwMDAwMH0sInNjaGVtYV92ZXJzaW9uIjoiMyJ9",
          "dependencies": [
            "aws_iam_instance_profile.dns_lab",
            "aws_iam_role.dns_lab_instance",
            "aws_instance.client",
            "aws_instance.resolver",
            "aws_instance.root_server",
            "aws_instance.sld_server",
            "aws_instance.tld_server",
            "aws_s3_bucket.dns_lab_scripts",
            "aws_security_group.dns_lab",
            "aws_sns_topic.dns_lab",
            "aws_subnet.dns_lab",
            "aws_vpc.dns_lab",
            "data.aws_caller_identity.current"
          ]
        },
        {
          "index_key": "rootdns",
          "schema_version": 3,
          "attributes": {
            "allow_overwrite": false,
            "comment": "",
            "content": "18.133.195.93",
            "created_on": "2026-05-15T11:49:03.02603Z",
            "data": [],
            "hostname": "rootdns.pwei.uk",
            "id": "90f37d9a1b16a04f1d807fcca4922dea",
            "metadata": {},
            "modified_on": "2026-05-15T19:42:11.506276Z",
            "name": "rootdns",
            "priority": null,
            "proxiable": true,
            "proxied": false,
            "tags": [],
            "timeouts": null,
            "ttl": 60,
            "type": "A",
            "value": null,
            "zone_id": "ca4ba94123cafc0a11eb9b4ec5c2c4b8"
          },
          "sensitive_attributes": [],
          "identity_schema_version": 0,
          "private": "eyJlMmJmYjczMC1lY2FhLTExZTYtOGY4OC0zNDM2M2JjN2M0YzAiOnsiY3JlYXRlIjozMDAwMDAwMDAwMCwidXBkYXRlIjozMDAwMDAwMDAwMH0sInNjaGVtYV92ZXJzaW9uIjoiMyJ9",
          "dependencies": [
            "aws_iam_instance_profile.dns_lab",
            "aws_iam_role.dns_lab_instance",
            "aws_instance.client",
            "aws_instance.resolver",
            "aws_instance.root_server",
            "aws_instance.sld_server",
            "aws_instance.tld_server",
            "aws_s3_bucket.dns_lab_scripts",
            "aws_security_group.dns_lab",
            "aws_sns_topic.dns_lab",
            "aws_subnet.dns_lab",
            "aws_vpc.dns_lab",
            "data.aws_caller_identity.current"
          ]
        },
        {
          "index_key": "tlddns",
          "schema_version": 3,
          "attributes": {
            "allow_overwrite": false,
            "comment": "",
            "content": "3.8.182.247",
            "created_on": "2026-05-15T11:49:02.541653Z",
            "data": [],
            "hostname": "tlddns.pwei.uk",
            "id": "606c1f83a4f23fb09082fb7bd3975c34",
            "metadata": {},
            "modified_on": "2026-05-15T19:42:11.016637Z",
            "name": "tlddns",
            "priority": null,
            "proxiable": true,
            "proxied": false,
            "tags": [],
            "timeouts": null,
            "ttl": 60,
            "type": "A",
            "value": null,
            "zone_id": "ca4ba94123cafc0a11eb9b4ec5c2c4b8"
          },
          "sensitive_attributes": [],
          "identity_schema_version": 0,
          "private": "eyJlMmJmYjczMC1lY2FhLTExZTYtOGY4OC0zNDM2M2JjN2M0YzAiOnsiY3JlYXRlIjozMDAwMDAwMDAwMCwidXBkYXRlIjozMDAwMDAwMDAwMH0sInNjaGVtYV92ZXJzaW9uIjoiMyJ9",
          "dependencies": [
            "aws_iam_instance_profile.dns_lab",
            "aws_iam_role.dns_lab_instance",
            "aws_instance.client",
            "aws_instance.resolver",
            "aws_instance.root_server",
            "aws_instance.sld_server",
            "aws_instance.tld_server",
            "aws_s3_bucket.dns_lab_scripts",
            "aws_security_group.dns_lab",
            "aws_sns_topic.dns_lab",
            "aws_subnet.dns_lab",
            "aws_vpc.dns_lab",
            "data.aws_caller_identity.current"
          ]
        }
      ]
    }
  ],
  "check_results": null
}
